
Microsoft Visual Studio Solution File, Format Version 12.00
# Visual Studio Version 17
VisualStudioVersion = 17.0.31903.59
MinimumVisualStudioVersion = 10.0.40219.1
Project("{FAE04EC0-301F-11D3-BF4B-00C04F79EFBC}") = "TodoList", "TodoList\TodoList.csproj", "{70A74DAB-CDDB-49DD-833C-3F637DCB6F8C}"
EndProject
Project("{FAE04EC0-301F-11D3-BF4B-00C04F79EFBC}") = "TodoList.API", "TodoList.API\TodoList.API.csproj", "{2D354756-A00C-43DA-92D0-ACAA7C075E37}"
EndProject
Project("{FAE04EC0-301F-11D3-BF4B-00C04F79EFBC}") = "TodoList.Models", "TodoList.Models\TodoList.Models.csproj", "{1C23F0B1-A5D6-467B-8DB3-DDAFD8B4B00C}"
EndProject
Global
	GlobalSection(SolutionConfigurationPlatforms) = preSolution
		Debug|Any CPU = Debug|Any CPU
		Release|Any CPU = Release|Any CPU
	EndGlobalSection
	GlobalSection(SolutionProperties) = preSolution
		HideSolutionNode = FALSE
	EndGlobalSection
	GlobalSection(ProjectConfigurationPlatforms) = postSolution
		{70A74DAB-CDDB-49DD-833C-3F637DCB6F8C}.Debug|Any CPU.ActiveCfg = Debug|Any CPU
		{70A74DAB-CDDB-49DD-833C-3F637DCB6F8C}.Debug|Any CPU.Build.0 = Debug|Any CPU
		{70A74DAB-CDDB-49DD-833C-3F637DCB6F8C}.Release|Any CPU.ActiveCfg = Release|Any CPU
		{70A74DAB-CDDB-49DD-833C-3F637DCB6F8C}.Release|Any CPU.Build.0 = Release|Any CPU
		{2D354756-A00C-43DA-92D0-ACAA7C075E37}.Debug|Any CPU.ActiveCfg = Debug|Any CPU
		{2D354756-A00C-43DA-92D0-ACAA7C075E37}.Debug|Any CPU.Build.0 = Debug|Any CPU
		{2D354756-A00C-43DA-92D0-ACAA7C075E37}.Release|Any CPU.ActiveCfg = Release|Any CPU
		{2D354756-A00C-43DA-92D0-ACAA7C075E37}.Release|Any CPU.Build.0 = Release|Any CPU
		{1C23F0B1-A5D6-467B-8DB3-DDAFD8B4B00C}.Debug|Any CPU.ActiveCfg = Debug|Any CPU
		{1C23F0B1-A5D6-467B-8DB3-DDAFD8B4B00C}.Debug|Any CPU.Build.0 = Debug|Any CPU
		{1C23F0B1-A5D6-467B-8DB3-DDAFD8B4B00C}.Release|Any CPU.ActiveCfg = Release|Any CPU
		{1C23F0B1-A5D6-467B-8DB3-DDAFD8B4B00C}.Release|Any CPU.Build.0 = Release|Any CPU
	EndGlobalSection
EndGlobal
